{
  "name": "lp-data-grabber-discogs",
  "version": "1.0.0",
  "lockfileVersion": 3,
  "requires": true,
  "packages": {
    "": {
      "name": "lp-data-grabber-discogs",
      "version": "1.0.0",
      "license": "ISC",
      "dependencies": {
        "dotenv": "^16.4.7",
        "write-csv": "^1.0.0"
      }
    },
    "node_modules/csv-stringify": {
      "version": "0.0.8",
      "resolved": "https://registry.npmjs.org/csv-stringify/-/csv-stringify-0.0.8.tgz",
      "integrity": "sha512-REHUwgPO2wPr69PZXW3cXmtvi+imJKvnqfxJw115rBsAMIKGQUP7a/nWo5SGzN5wmcKpN4v6uBcvc9CzvnT5zw==",
      "license": "BSD-3-Clause"
    },
    "node_modules/dotenv": {
      "version": "16.4.7",
      "resolved": "https://registry.npmjs.org/dotenv/-/dotenv-16.4.7.tgz",
      "integrity": "sha512-47qPchRCykZC03FhkYAhrvwU4xDBFIj1QPqaarj6mdM/hgUzfPHcpkHJOn3mJAufFeeAxAzeGsr5X0M4k6fLZQ==",
      "license": "BSD-2-Clause",
      "engines": {
        "node": ">=12"
      },
      "funding": {
        "url": "https://dotenvx.com"
      }
    },
    "node_modules/write-csv": {
      "version": "1.0.0",
      "resolved": "https://registry.npmjs.org/write-csv/-/write-csv-1.0.0.tgz",
      "integrity": "sha512-oLzZT7zi/urW7kg4+4aXPqW1Sf3nn6h5ojlltiVncCRBnf1sqKxZqL4Hx1J6ow+42YPJ1lErFDWXzS2neo9DdQ==",
      "license": "ISC",
      "dependencies": {
        "csv-stringify": "0.0.8"
      }
    }
  }
}
